{
  "name": "is-spotify-token-valid",
  "version": "1.0.0",
  "lockfileVersion": 1,
  "requires": true,
  "dependencies": {
    "basic-browser-request": {
      "version": "10.0.0",
      "resolved": "https://registry.npmjs.org/basic-browser-request/-/basic-browser-request-10.0.0.tgz",
      "integrity": "sha512-DJx5vU1/Pz7mLLz0nqZ42R2habzfrHS3lFHJJ3isvA5J59tTCnbR6OkPr+bRYL6/OmMi1xdEXe67HYYNol4+LA=="
    },
    "oknok": {
      "version": "3.0.0",
      "resolved": "https://registry.npmjs.org/oknok/-/oknok-3.0.0.tgz",
      "integrity": "sha512-1eDuryLOdeoxGwXkrtijydzhLYr92Kp46N6CjJ+/pVqKJL2dBj03fVb/Z3B4Tx5+SRgV58CNhhqXlKfEsqKeFA=="
    }
  }
}
